// !$*UTF8*$!
{
	archiveVersion = 1;
	classes = {
	};
	objectVersion = 63;
	objects = {

/* Begin PBXBuildFile section */
		0719C6E899114B10FD42A87F /* ContentView.swift in Sources */ = {isa = PBXBuildFile; fileRef = 5EC48E3BF5E3BBDBD73D739D /* ContentView.swift */; };
		099A15C4EC5FC7DC8D046C46 /* AppDelegate.swift in Sources */ = {isa = PBXBuildFile; fileRef = EF1C594547863B31EAFDB9A8 /* AppDelegate.swift */; };
		31DC91B1688E9AC54DBAF329 /* WhisperBoardApp.swift in Sources */ = {isa = PBXBuildFile; fileRef = 6681DA3BAE98F6A6C101566D /* WhisperBoardApp.swift */; };
		541BB81E27BC8E9086F71DB6 /* AudioProcessor.swift in Sources */ = {isa = PBXBuildFile; fileRef = 6D82879415763BB25A268248 /* AudioProcessor.swift */; };
		56F0BEC4D7851A639A4D108E /* KeyboardViewController.swift in Sources */ = {isa = PBXBuildFile; fileRef = ABA34436F58CF13539ACFA3A /* KeyboardViewController.swift */; };
		58A8B9C9FA6D4FA59E216B04 /* SettingsView.swift in Sources */ = {isa = PBXBuildFile; fileRef = 88C9CFAEB480328BB5C666A6 /* SettingsView.swift */; };
		6176A478FD6B4D738ABF7A07 /* Assets.xcassets in Resources */ = {isa = PBXBuildFile; fileRef = 55F04A884D902DAB317788D2 /* Assets.xcassets */; };
		6715DE83F3ABC0D491E27F4D /* WhisperKitTests.swift in Sources */ = {isa = PBXBuildFile; fileRef = E82C555E9A517AB101952A6D /* WhisperKitTests.swift */; };
		6BA5B3CC49FC586A89438E15 /* AudioCapture.swift in Sources */ = {isa = PBXBuildFile; fileRef = 1C41AFECB180A72B4AD5AE17 /* AudioCapture.swift */; };
		8420AFE3B137AD7AAB8E825C /* WhisperModelType.swift in Sources */ = {isa = PBXBuildFile; fileRef = A4A05A3ACD732C33C64E84A5 /* WhisperModelType.swift */; };
		972BF0FFB4DBCA756856E5EC /* ModelManager.swift in Sources */ = {isa = PBXBuildFile; fileRef = 7E5BC1E031FBD99D4F5F0249 /* ModelManager.swift */; };
		A00FA0B77997F3C0AE1CCF4D /* VAD.swift in Sources */ = {isa = PBXBuildFile; fileRef = FDC4E04F9A85082518FCC090 /* VAD.swift */; };
		B59ADABEC06FB9F001D96876 /* AudioCapture.swift in Sources */ = {isa = PBXBuildFile; fileRef = 1C41AFECB180A72B4AD5AE17 /* AudioCapture.swift */; };
		B808D46C0D0334B2E561B3D6 /* SharedDefaults.swift in Sources */ = {isa = PBXBuildFile; fileRef = 3139B92E63CD7CB9F915BA4F /* SharedDefaults.swift */; };
		BD8F9EE43D2D01095D8F9EF5 /* AudioProcessor.swift in Sources */ = {isa = PBXBuildFile; fileRef = 6D82879415763BB25A268248 /* AudioProcessor.swift */; };
		C2AFA6E6D530CDDCD1C84862 /* AudioPipelineTests.swift in Sources */ = {isa = PBXBuildFile; fileRef = CD0B98CE69A6855EF432A95A /* AudioPipelineTests.swift */; };
		CF234A39FA5BFF0AD596400E /* WhisperBoardKeyboard.appex in Embed Foundation Extensions */ = {isa = PBXBuildFile; fileRef = 6CB1BF08F88329B78A5E18E1 /* WhisperBoardKeyboard.appex */; settings = {ATTRIBUTES = (RemoveHeadersOnCopy, ); }; };
		D4EDFBAEF069B1333A99A794 /* WhisperTranscriber.swift in Sources */ = {isa = PBXBuildFile; fileRef = 05C8AC48DD808BB865C422D1 /* WhisperTranscriber.swift */; };
		D608E8A7EB567510B254E8A0 /* SharedDefaults.swift in Sources */ = {isa = PBXBuildFile; fileRef = 3139B92E63CD7CB9F915BA4F /* SharedDefaults.swift */; };
		DA5A13FE0F951E946B6A5BCB /* KeyboardAssets.xcassets in Resources */ = {isa = PBXBuildFile; fileRef = 3C499664972A8EBAB6E19C26 /* KeyboardAssets.xcassets */; };
		E1EE2D4046578BD964E79FF6 /* WhisperKit in Frameworks */ = {isa = PBXBuildFile; productRef = 53EA6F2F07F14D173B6A3EEB /* WhisperKit */; };
		ED1B9D353BD99723BFC905DE /* TranscriptionService.swift in Sources */ = {isa = PBXBuildFile; fileRef = 5D48F2B375D8AF129272D904 /* TranscriptionService.swift */; };
/* End PBXBuildFile section */

/* Begin PBXContainerItemProxy section */
		54283642C0508FD5B33440F2 /* PBXContainerItemProxy */ = {
			isa = PBXContainerItemProxy;
			containerPortal = 0C8D5E420FF8D09BF05C338E /* Project object */;
			proxyType = 1;
			remoteGlobalIDString = C5184535C6D53829E53B4BE2;
			remoteInfo = WhisperBoardKeyboard;
		};
		8E3318AC4452F5B731D1E078 /* PBXContainerItemProxy */ = {
			isa = PBXContainerItemProxy;
			containerPortal = 0C8D5E420FF8D09BF05C338E /* Project object */;
			proxyType = 1;
			remoteGlobalIDString = 794C1946E60436B91C2C8A60;
			remoteInfo = WhisperBoard;
		};
/* End PBXContainerItemProxy section */

/* Begin PBXCopyFilesBuildPhase section */
		5994F7F074FE425EF0168D18 /* Embed Foundation Extensions */ = {
			isa = PBXCopyFilesBuildPhase;
			buildActionMask = 2147483647;
			dstPath = "";
			dstSubfolderSpec = 13;
			files = (
				CF234A39FA5BFF0AD596400E /* WhisperBoardKeyboard.appex in Embed Foundation Extensions */,
			);
			name = "Embed Foundation Extensions";
			runOnlyForDeploymentPostprocessing = 0;
		};
/* End PBXCopyFilesBuildPhase section */

/* Begin PBXFileReference section */
		05C8AC48DD808BB865C422D1 /* WhisperTranscriber.swift */ = {isa = PBXFileReference; lastKnownFileType = sourcecode.swift; path = WhisperTranscriber.swift; sourceTree = "<group>"; };
		13399205C26CFFF57523D0C9 /* KeyboardExtension.entitlements */ = {isa = PBXFileReference; lastKnownFileType = text.plist.entitlements; path = KeyboardExtension.entitlements; sourceTree = "<group>"; };
		1C41AFECB180A72B4AD5AE17 /* AudioCapture.swift */ = {isa = PBXFileReference; lastKnownFileType = sourcecode.swift; path = AudioCapture.swift; sourceTree = "<group>"; };
		3139B92E63CD7CB9F915BA4F /* SharedDefaults.swift */ = {isa = PBXFileReference; lastKnownFileType = sourcecode.swift; path = SharedDefaults.swift; sourceTree = "<group>"; };
		3C499664972A8EBAB6E19C26 /* KeyboardAssets.xcassets */ = {isa = PBXFileReference; lastKnownFileType = folder.assetcatalog; path = KeyboardAssets.xcassets; sourceTree = "<group>"; };
		43F1A5683B3F4D43743B02D4 /* WhisperBoardTests.xctest */ = {isa = PBXFileReference; explicitFileType = wrapper.cfbundle; includeInIndex = 0; path = WhisperBoardTests.xctest; sourceTree = BUILT_PRODUCTS_DIR; };
		4F7B367D5590BABE4C7EDEA9 /* WhisperBoard.entitlements */ = {isa = PBXFileReference; lastKnownFileType = text.plist.entitlements; path = WhisperBoard.entitlements; sourceTree = "<group>"; };
		55F04A884D902DAB317788D2 /* Assets.xcassets */ = {isa = PBXFileReference; lastKnownFileType = folder.assetcatalog; path = Assets.xcassets; sourceTree = "<group>"; };
		5D48F2B375D8AF129272D904 /* TranscriptionService.swift */ = {isa = PBXFileReference; lastKnownFileType = sourcecode.swift; path = TranscriptionService.swift; sourceTree = "<group>"; };
		5EC48E3BF5E3BBDBD73D739D /* ContentView.swift */ = {isa = PBXFileReference; lastKnownFileType = sourcecode.swift; path = ContentView.swift; sourceTree = "<group>"; };
		6681DA3BAE98F6A6C101566D /* WhisperBoardApp.swift */ = {isa = PBXFileReference; lastKnownFileType = sourcecode.swift; path = WhisperBoardApp.swift; sourceTree = "<group>"; };
		6CB1BF08F88329B78A5E18E1 /* WhisperBoardKeyboard.appex */ = {isa = PBXFileReference; explicitFileType = "wrapper.app-extension"; includeInIndex = 0; path = WhisperBoardKeyboard.appex; sourceTree = BUILT_PRODUCTS_DIR; };
		6D82879415763BB25A268248 /* AudioProcessor.swift */ = {isa = PBXFileReference; lastKnownFileType = sourcecode.swift; path = AudioProcessor.swift; sourceTree = "<group>"; };
		7E5BC1E031FBD99D4F5F0249 /* ModelManager.swift */ = {isa = PBXFileReference; lastKnownFileType = sourcecode.swift; path = ModelManager.swift; sourceTree = "<group>"; };
		88C9CFAEB480328BB5C666A6 /* SettingsView.swift */ = {isa = PBXFileReference; lastKnownFileType = sourcecode.swift; path = SettingsView.swift; sourceTree = "<group>"; };
		A4A05A3ACD732C33C64E84A5 /* WhisperModelType.swift */ = {isa = PBXFileReference; lastKnownFileType = sourcecode.swift; path = WhisperModelType.swift; sourceTree = "<group>"; };
		ABA34436F58CF13539ACFA3A /* KeyboardViewController.swift */ = {isa = PBXFileReference; lastKnownFileType = sourcecode.swift; path = KeyboardViewController.swift; sourceTree = "<group>"; };
		CD0B98CE69A6855EF432A95A /* AudioPipelineTests.swift */ = {isa = PBXFileReference; lastKnownFileType = sourcecode.swift; path = AudioPipelineTests.swift; sourceTree = "<group>"; };
		CFC12D9CDED37E412668ACDE /* WhisperBoard.app */ = {isa = PBXFileReference; explicitFileType = wrapper.application; includeInIndex = 0; path = WhisperBoard.app; sourceTree = BUILT_PRODUCTS_DIR; };
		E82C555E9A517AB101952A6D /* WhisperKitTests.swift */ = {isa = PBXFileReference; lastKnownFileType = sourcecode.swift; path = WhisperKitTests.swift; sourceTree = "<group>"; };
		EF1C594547863B31EAFDB9A8 /* AppDelegate.swift */ = {isa = PBXFileReference; lastKnownFileType = sourcecode.swift; path = AppDelegate.swift; sourceTree = "<group>"; };
		FDC4E04F9A85082518FCC090 /* VAD.swift */ = {isa = PBXFileReference; lastKnownFileType = sourcecode.swift; path = VAD.swift; sourceTree = "<group>"; };
/* End PBXFileReference section */

/* Begin PBXFrameworksBuildPhase section */
		23588274B6731C74E63A1B21 /* Frameworks */ = {
			isa = PBXFrameworksBuildPhase;
			buildActionMask = 2147483647;
			files = (
				E1EE2D4046578BD964E79FF6 /* WhisperKit in Frameworks */,
			);
			runOnlyForDeploymentPostprocessing = 0;
		};
/* End PBXFrameworksBuildPhase section */

/* Begin PBXGroup section */
		0EBBC1C70F45E9C77DCF5D6C /* App */ = {
			isa = PBXGroup;
			children = (
				EF1C594547863B31EAFDB9A8 /* AppDelegate.swift */,
				5EC48E3BF5E3BBDBD73D739D /* ContentView.swift */,
				5D48F2B375D8AF129272D904 /* TranscriptionService.swift */,
				6681DA3BAE98F6A6C101566D /* WhisperBoardApp.swift */,
			);
			name = App;
			path = WhisperBoard/Sources/App;
			sourceTree = "<group>";
		};
		27D23157A62BBED82629B2C6 /* Products */ = {
			isa = PBXGroup;
			children = (
				CFC12D9CDED37E412668ACDE /* WhisperBoard.app */,
				6CB1BF08F88329B78A5E18E1 /* WhisperBoardKeyboard.appex */,
				43F1A5683B3F4D43743B02D4 /* WhisperBoardTests.xctest */,
			);
			name = Products;
			sourceTree = "<group>";
		};
		321F1807CB16699943F8DEEA /* WhisperKit */ = {
			isa = PBXGroup;
			children = (
				6D82879415763BB25A268248 /* AudioProcessor.swift */,
				7E5BC1E031FBD99D4F5F0249 /* ModelManager.swift */,
				A4A05A3ACD732C33C64E84A5 /* WhisperModelType.swift */,
				05C8AC48DD808BB865C422D1 /* WhisperTranscriber.swift */,
			);
			name = WhisperKit;
			path = WhisperBoard/Sources/WhisperKit;
			sourceTree = "<group>";
		};
		346C0403D25100CC201832A9 /* WhisperBoardTests */ = {
			isa = PBXGroup;
			children = (
				CD0B98CE69A6855EF432A95A /* AudioPipelineTests.swift */,
				E82C555E9A517AB101952A6D /* WhisperKitTests.swift */,
			);
			path = WhisperBoardTests;
			sourceTree = "<group>";
		};
		650A88D60DC176B46D02F030 /* KeyboardExtension */ = {
			isa = PBXGroup;
			children = (
				ABA34436F58CF13539ACFA3A /* KeyboardViewController.swift */,
				FDC4E04F9A85082518FCC090 /* VAD.swift */,
			);
			name = KeyboardExtension;
			path = WhisperBoard/Sources/KeyboardExtension;
			sourceTree = "<group>";
		};
		67E9F4130566AC78281B59E1 /* Views */ = {
			isa = PBXGroup;
			children = (
				88C9CFAEB480328BB5C666A6 /* SettingsView.swift */,
			);
			name = Views;
			path = WhisperBoard/Sources/Views;
			sourceTree = "<group>";
		};
		8B8027E3294057A484F0D0DD = {
			isa = PBXGroup;
			children = (
				0EBBC1C70F45E9C77DCF5D6C /* App */,
				650A88D60DC176B46D02F030 /* KeyboardExtension */,
				AE4C46649DF3BBAE8125CC54 /* Resources */,
				A19AC3A8561F70E8406B310A /* Resources */,
				939F1A5A13FB995187B008B1 /* Shared */,
				67E9F4130566AC78281B59E1 /* Views */,
				346C0403D25100CC201832A9 /* WhisperBoardTests */,
				321F1807CB16699943F8DEEA /* WhisperKit */,
				27D23157A62BBED82629B2C6 /* Products */,
			);
			sourceTree = "<group>";
		};
		939F1A5A13FB995187B008B1 /* Shared */ = {
			isa = PBXGroup;
			children = (
				1C41AFECB180A72B4AD5AE17 /* AudioCapture.swift */,
				3139B92E63CD7CB9F915BA4F /* SharedDefaults.swift */,
			);
			name = Shared;
			path = WhisperBoard/Sources/Shared;
			sourceTree = "<group>";
		};
		A19AC3A8561F70E8406B310A /* Resources */ = {
			isa = PBXGroup;
			children = (
				55F04A884D902DAB317788D2 /* Assets.xcassets */,
				4F7B367D5590BABE4C7EDEA9 /* WhisperBoard.entitlements */,
			);
			name = Resources;
			path = WhisperBoard/Resources;
			sourceTree = "<group>";
		};
		AE4C46649DF3BBAE8125CC54 /* Resources */ = {
			isa = PBXGroup;
			children = (
				3C499664972A8EBAB6E19C26 /* KeyboardAssets.xcassets */,
				13399205C26CFFF57523D0C9 /* KeyboardExtension.entitlements */,
			);
			name = Resources;
			path = WhisperBoard/KeyboardExtension/Resources;
			sourceTree = "<group>";
		};
/* End PBXGroup section */

/* Begin PBXNativeTarget section */
		794C1946E60436B91C2C8A60 /* WhisperBoard */ = {
			isa = PBXNativeTarget;
			buildConfigurationList = 01D1188F5014650D0387CCB4 /* Build configuration list for PBXNativeTarget "WhisperBoard" */;
			buildPhases = (
				B6056B4C3921862FB21231F0 /* Sources */,
				BCB03A2C2439308CE31C11EC /* Resources */,
				23588274B6731C74E63A1B21 /* Frameworks */,
				5994F7F074FE425EF0168D18 /* Embed Foundation Extensions */,
			);
			buildRules = (
			);
			dependencies = (
				CB70C87A90919C0F08FEA61D /* PBXTargetDependency */,
			);
			name = WhisperBoard;
			packageProductDependencies = (
				53EA6F2F07F14D173B6A3EEB /* WhisperKit */,
			);
			productName = WhisperBoard;
			productReference = CFC12D9CDED37E412668ACDE /* WhisperBoard.app */;
			productType = "com.apple.product-type.application";
		};
		C5184535C6D53829E53B4BE2 /* WhisperBoardKeyboard */ = {
			isa = PBXNativeTarget;
			buildConfigurationList = 4E56454F66F61EDD538186AE /* Build configuration list for PBXNativeTarget "WhisperBoardKeyboard" */;
			buildPhases = (
				EEA19D2C1D6BDAED42151F57 /* Sources */,
				C3A7E292C33AE545FC8216FC /* Resources */,
			);
			buildRules = (
			);
			dependencies = (
			);
			name = WhisperBoardKeyboard;
			packageProductDependencies = (
			);
			productName = WhisperBoardKeyboard;
			productReference = 6CB1BF08F88329B78A5E18E1 /* WhisperBoardKeyboard.appex */;
			productType = "com.apple.product-type.app-extension";
		};
		FB6C13311FA120ECE0CC98A7 /* WhisperBoardTests */ = {
			isa = PBXNativeTarget;
			buildConfigurationList = DC8E55773A2A2853E0843ECB /* Build configuration list for PBXNativeTarget "WhisperBoardTests" */;
			buildPhases = (
				1996D2FCCA84986474443EA7 /* Sources */,
			);
			buildRules = (
			);
			dependencies = (
				54F03DDAF9E4C44D300BA9D2 /* PBXTargetDependency */,
			);
			name = WhisperBoardTests;
			packageProductDependencies = (
			);
			productName = WhisperBoardTests;
			productReference = 43F1A5683B3F4D43743B02D4 /* WhisperBoardTests.xctest */;
			productType = "com.apple.product-type.bundle.unit-test";
		};
/* End PBXNativeTarget section */

/* Begin PBXProject section */
		0C8D5E420FF8D09BF05C338E /* Project object */ = {
			isa = PBXProject;
			attributes = {
				BuildIndependentTargetsInParallel = YES;
				LastUpgradeCheck = 1430;
				TargetAttributes = {
					794C1946E60436B91C2C8A60 = {
						ProvisioningStyle = Automatic;
					};
					C5184535C6D53829E53B4BE2 = {
						ProvisioningStyle = Automatic;
					};
					FB6C13311FA120ECE0CC98A7 = {
						ProvisioningStyle = Automatic;
					};
				};
			};
			buildConfigurationList = EDCBBC106DD90CAAD775CB12 /* Build configuration list for PBXProject "WhisperBoard" */;
			compatibilityVersion = "Xcode 14.0";
			developmentRegion = en;
			hasScannedForEncodings = 0;
			knownRegions = (
				Base,
				en,
			);
			mainGroup = 8B8027E3294057A484F0D0DD;
			minimizedProjectReferenceProxies = 1;
			packageReferences = (
				F71AA3811D04B846553C7739 /* XCRemoteSwiftPackageReference "WhisperKit" */,
			);
			projectDirPath = "";
			projectRoot = "";
			targets = (
				794C1946E60436B91C2C8A60 /* WhisperBoard */,
				C5184535C6D53829E53B4BE2 /* WhisperBoardKeyboard */,
				FB6C13311FA120ECE0CC98A7 /* WhisperBoardTests */,
			);
		};
/* End PBXProject section */

/* Begin PBXResourcesBuildPhase section */
		BCB03A2C2439308CE31C11EC /* Resources */ = {
			isa = PBXResourcesBuildPhase;
			buildActionMask = 2147483647;
			files = (
				6176A478FD6B4D738ABF7A07 /* Assets.xcassets in Resources */,
			);
			runOnlyForDeploymentPostprocessing = 0;
		};
		C3A7E292C33AE545FC8216FC /* Resources */ = {
			isa = PBXResourcesBuildPhase;
			buildActionMask = 2147483647;
			files = (
				DA5A13FE0F951E946B6A5BCB /* KeyboardAssets.xcassets in Resources */,
			);
			runOnlyForDeploymentPostprocessing = 0;
		};
/* End PBXResourcesBuildPhase section */

/* Begin PBXSourcesBuildPhase section */
		1996D2FCCA84986474443EA7 /* Sources */ = {
			isa = PBXSourcesBuildPhase;
			buildActionMask = 2147483647;
			files = (
				C2AFA6E6D530CDDCD1C84862 /* AudioPipelineTests.swift in Sources */,
				6715DE83F3ABC0D491E27F4D /* WhisperKitTests.swift in Sources */,
			);
			runOnlyForDeploymentPostprocessing = 0;
		};
		B6056B4C3921862FB21231F0 /* Sources */ = {
			isa = PBXSourcesBuildPhase;
			buildActionMask = 2147483647;
			files = (
				099A15C4EC5FC7DC8D046C46 /* AppDelegate.swift in Sources */,
				6BA5B3CC49FC586A89438E15 /* AudioCapture.swift in Sources */,
				BD8F9EE43D2D01095D8F9EF5 /* AudioProcessor.swift in Sources */,
				0719C6E899114B10FD42A87F /* ContentView.swift in Sources */,
				972BF0FFB4DBCA756856E5EC /* ModelManager.swift in Sources */,
				58A8B9C9FA6D4FA59E216B04 /* SettingsView.swift in Sources */,
				B808D46C0D0334B2E561B3D6 /* SharedDefaults.swift in Sources */,
				ED1B9D353BD99723BFC905DE /* TranscriptionService.swift in Sources */,
				31DC91B1688E9AC54DBAF329 /* WhisperBoardApp.swift in Sources */,
				8420AFE3B137AD7AAB8E825C /* WhisperModelType.swift in Sources */,
				D4EDFBAEF069B1333A99A794 /* WhisperTranscriber.swift in Sources */,
			);
			runOnlyForDeploymentPostprocessing = 0;
		};
		EEA19D2C1D6BDAED42151F57 /* Sources */ = {
			isa = PBXSourcesBuildPhase;
			buildActionMask = 2147483647;
			files = (
				B59ADABEC06FB9F001D96876 /* AudioCapture.swift in Sources */,
				541BB81E27BC8E9086F71DB6 /* AudioProcessor.swift in Sources */,
				56F0BEC4D7851A639A4D108E /* KeyboardViewController.swift in Sources */,
				D608E8A7EB567510B254E8A0 /* SharedDefaults.swift in Sources */,
				A00FA0B77997F3C0AE1CCF4D /* VAD.swift in Sources */,
			);
			runOnlyForDeploymentPostprocessing = 0;
		};
/* End PBXSourcesBuildPhase section */

/* Begin PBXTargetDependency section */
		54F03DDAF9E4C44D300BA9D2 /* PBXTargetDependency */ = {
			isa = PBXTargetDependency;
			target = 794C1946E60436B91C2C8A60 /* WhisperBoard */;
			targetProxy = 8E3318AC4452F5B731D1E078 /* PBXContainerItemProxy */;
		};
		CB70C87A90919C0F08FEA61D /* PBXTargetDependency */ = {
			isa = PBXTargetDependency;
			target = C5184535C6D53829E53B4BE2 /* WhisperBoardKeyboard */;
			targetProxy = 54283642C0508FD5B33440F2 /* PBXContainerItemProxy */;
		};
/* End PBXTargetDependency section */

/* Begin XCBuildConfiguration section */
		29EAED84050DE67D75A8DC2F /* Release */ = {
			isa = XCBuildConfiguration;
			buildSettings = {
				ASSETCATALOG_COMPILER_APPICON_NAME = AppIcon;
				CODE_SIGN_ENTITLEMENTS = WhisperBoard/Resources/WhisperBoard.entitlements;
				CODE_SIGN_IDENTITY = "iPhone Developer";
				DEVELOPMENT_TEAM = BM7X295NAM;
				INFOPLIST_FILE = WhisperBoard/Resources/Info.plist;
				IPHONEOS_DEPLOYMENT_TARGET = 26.0;
				LD_RUNPATH_SEARCH_PATHS = (
					"$(inherited)",
					"@executable_path/Frameworks",
				);
				PRODUCT_BUNDLE_IDENTIFIER = com.fmachta.whisperboard;
				SDKROOT = iphoneos;
				TARGETED_DEVICE_FAMILY = "1,2";
			};
			name = Release;
		};
		4BFE7337136002EC681E6ED0 /* Debug */ = {
			isa = XCBuildConfiguration;
			buildSettings = {
				CODE_SIGN_ENTITLEMENTS = WhisperBoard/KeyboardExtension/Resources/KeyboardExtension.entitlements;
				DEVELOPMENT_TEAM = BM7X295NAM;
				INFOPLIST_FILE = WhisperBoard/KeyboardExtension/Resources/KeyboardInfo.plist;
				IPHONEOS_DEPLOYMENT_TARGET = 26.0;
				LD_RUNPATH_SEARCH_PATHS = (
					"$(inherited)",
					"@executable_path/Frameworks",
					"@executable_path/../../Frameworks",
				);
				PRODUCT_BUNDLE_IDENTIFIER = com.fmachta.whisperboard.keyboard;
				SDKROOT = iphoneos;
				TARGETED_DEVICE_FAMILY = "1,2";
			};
			name = Debug;
		};
		4E11E19B9D7B8015CE37151D /* Release */ = {
			isa = XCBuildConfiguration;
			buildSettings = {
				BUNDLE_LOADER = "$(TEST_HOST)";
				DEVELOPMENT_TEAM = BM7X295NAM;
				IPHONEOS_DEPLOYMENT_TARGET = 26.0;
				LD_RUNPATH_SEARCH_PATHS = (
					"$(inherited)",
					"@executable_path/Frameworks",
					"@loader_path/Frameworks",
				);
				SDKROOT = iphoneos;
				TARGETED_DEVICE_FAMILY = "1,2";
				TEST_HOST = "$(BUILT_PRODUCTS_DIR)/WhisperBoard.app/WhisperBoard";
			};
			name = Release;
		};
		5A7A2360DDE02FBF19362E45 /* Debug */ = {
			isa = XCBuildConfiguration;
			buildSettings = {
				ASSETCATALOG_COMPILER_APPICON_NAME = AppIcon;
				CODE_SIGN_ENTITLEMENTS = WhisperBoard/Resources/WhisperBoard.entitlements;
				CODE_SIGN_IDENTITY = "iPhone Developer";
				DEVELOPMENT_TEAM = BM7X295NAM;
				INFOPLIST_FILE = WhisperBoard/Resources/Info.plist;
				IPHONEOS_DEPLOYMENT_TARGET = 26.0;
				LD_RUNPATH_SEARCH_PATHS = (
					"$(inherited)",
					"@executable_path/Frameworks",
				);
				PRODUCT_BUNDLE_IDENTIFIER = com.fmachta.whisperboard;
				SDKROOT = iphoneos;
				TARGETED_DEVICE_FAMILY = "1,2";
			};
			name = Debug;
		};
		B40DFA0109123C8F5D37D3F1 /* Release */ = {
			isa = XCBuildConfiguration;
			buildSettings = {
				CODE_SIGN_ENTITLEMENTS = WhisperBoard/KeyboardExtension/Resources/KeyboardExtension.entitlements;
				DEVELOPMENT_TEAM = BM7X295NAM;
				INFOPLIST_FILE = WhisperBoard/KeyboardExtension/Resources/KeyboardInfo.plist;
				IPHONEOS_DEPLOYMENT_TARGET = 26.0;
				LD_RUNPATH_SEARCH_PATHS = (
					"$(inherited)",
					"@executable_path/Frameworks",
					"@executable_path/../../Frameworks",
				);
				PRODUCT_BUNDLE_IDENTIFIER = com.fmachta.whisperboard.keyboard;
				SDKROOT = iphoneos;
				TARGETED_DEVICE_FAMILY = "1,2";
			};
			name = Release;
		};
		CCA8A278978AC8F84080B211 /* Release */ = {
			isa = XCBuildConfiguration;
			buildSettings = {
				ALWAYS_SEARCH_USER_PATHS = NO;
				CLANG_ANALYZER_NONNULL = YES;
				CLANG_ANALYZER_NUMBER_OBJECT_CONVERSION = YES_AGGRESSIVE;
				CLANG_CXX_LANGUAGE_STANDARD = "gnu++14";
				CLANG_CXX_LIBRARY = "libc++";
				CLANG_ENABLE_MODULES = YES;
				CLANG_ENABLE_OBJC_ARC = YES;
				CLANG_ENABLE_OBJC_WEAK = YES;
				CLANG_WARN_BLOCK_CAPTURE_AUTORELEASING = YES;
				CLANG_WARN_BOOL_CONVERSION = YES;
				CLANG_WARN_COMMA = YES;
				CLANG_WARN_CONSTANT_CONVERSION = YES;
				CLANG_WARN_DEPRECATED_OBJC_IMPLEMENTATIONS = YES;
				CLANG_WARN_DIRECT_OBJC_ISA_USAGE = YES_ERROR;
				CLANG_WARN_DOCUMENTATION_COMMENTS = YES;
				CLANG_WARN_EMPTY_BODY = YES;
				CLANG_WARN_ENUM_CONVERSION = YES;
				CLANG_WARN_INFINITE_RECURSION = YES;
				CLANG_WARN_INT_CONVERSION = YES;
				CLANG_WARN_NON_LITERAL_NULL_CONVERSION = YES;
				CLANG_WARN_OBJC_IMPLICIT_RETAIN_SELF = YES;
				CLANG_WARN_OBJC_LITERAL_CONVERSION = YES;
				CLANG_WARN_OBJC_ROOT_CLASS = YES_ERROR;
				CLANG_WARN_QUOTED_INCLUDE_IN_FRAMEWORK_HEADER = YES;
				CLANG_WARN_RANGE_LOOP_ANALYSIS = YES;
				CLANG_WARN_STRICT_PROTOTYPES = YES;
				CLANG_WARN_SUSPICIOUS_MOVE = YES;
				CLANG_WARN_UNGUARDED_AVAILABILITY = YES_AGGRESSIVE;
				CLANG_WARN_UNREACHABLE_CODE = YES;
				CLANG_WARN__DUPLICATE_METHOD_MATCH = YES;
				CODE_SIGN_STYLE = Automatic;
				COPY_PHASE_STRIP = NO;
				DEBUG_INFORMATION_FORMAT = "dwarf-with-dsym";
				DEVELOPMENT_TEAM = "";
				ENABLE_NS_ASSERTIONS = NO;
				ENABLE_STRICT_OBJC_MSGSEND = YES;
				GCC_C_LANGUAGE_STANDARD = gnu11;
				GCC_NO_COMMON_BLOCKS = YES;
				GCC_WARN_64_TO_32_BIT_CONVERSION = YES;
				GCC_WARN_ABOUT_RETURN_TYPE = YES_ERROR;
				GCC_WARN_UNDECLARED_SELECTOR = YES;
				GCC_WARN_UNINITIALIZED_AUTOS = YES_AGGRESSIVE;
				GCC_WARN_UNUSED_FUNCTION = YES;
				GCC_WARN_UNUSED_VARIABLE = YES;
				MTL_ENABLE_DEBUG_INFO = NO;
				MTL_FAST_MATH = YES;
				PRODUCT_NAME = "$(TARGET_NAME)";
				SDKROOT = iphoneos;
				SWIFT_COMPILATION_MODE = wholemodule;
				SWIFT_OPTIMIZATION_LEVEL = "-O";
				SWIFT_VERSION = 5.9;
			};
			name = Release;
		};
		CE35EC582BDA7CC9C49178BD /* Debug */ = {
			isa = XCBuildConfiguration;
			buildSettings = {
				BUNDLE_LOADER = "$(TEST_HOST)";
				DEVELOPMENT_TEAM = BM7X295NAM;
				IPHONEOS_DEPLOYMENT_TARGET = 26.0;
				LD_RUNPATH_SEARCH_PATHS = (
					"$(inherited)",
					"@executable_path/Frameworks",
					"@loader_path/Frameworks",
				);
				SDKROOT = iphoneos;
				TARGETED_DEVICE_FAMILY = "1,2";
				TEST_HOST = "$(BUILT_PRODUCTS_DIR)/WhisperBoard.app/WhisperBoard";
			};
			name = Debug;
		};
		E3242BED9BE7EF700257868A /* Debug */ = {
			isa = XCBuildConfiguration;
			buildSettings = {
				ALWAYS_SEARCH_USER_PATHS = NO;
				CLANG_ANALYZER_NONNULL = YES;
				CLANG_ANALYZER_NUMBER_OBJECT_CONVERSION = YES_AGGRESSIVE;
				CLANG_CXX_LANGUAGE_STANDARD = "gnu++14";
				CLANG_CXX_LIBRARY = "libc++";
				CLANG_ENABLE_MODULES = YES;
				CLANG_ENABLE_OBJC_ARC = YES;
				CLANG_ENABLE_OBJC_WEAK = YES;
				CLANG_WARN_BLOCK_CAPTURE_AUTORELEASING = YES;
				CLANG_WARN_BOOL_CONVERSION = YES;
				CLANG_WARN_COMMA = YES;
				CLANG_WARN_CONSTANT_CONVERSION = YES;
				CLANG_WARN_DEPRECATED_OBJC_IMPLEMENTATIONS = YES;
				CLANG_WARN_DIRECT_OBJC_ISA_USAGE = YES_ERROR;
				CLANG_WARN_DOCUMENTATION_COMMENTS = YES;
				CLANG_WARN_EMPTY_BODY = YES;
				CLANG_WARN_ENUM_CONVERSION = YES;
				CLANG_WARN_INFINITE_RECURSION = YES;
				CLANG_WARN_INT_CONVERSION = YES;
				CLANG_WARN_NON_LITERAL_NULL_CONVERSION = YES;
				CLANG_WARN_OBJC_IMPLICIT_RETAIN_SELF = YES;
				CLANG_WARN_OBJC_LITERAL_CONVERSION = YES;
				CLANG_WARN_OBJC_ROOT_CLASS = YES_ERROR;
				CLANG_WARN_QUOTED_INCLUDE_IN_FRAMEWORK_HEADER = YES;
				CLANG_WARN_RANGE_LOOP_ANALYSIS = YES;
				CLANG_WARN_STRICT_PROTOTYPES = YES;
				CLANG_WARN_SUSPICIOUS_MOVE = YES;
				CLANG_WARN_UNGUARDED_AVAILABILITY = YES_AGGRESSIVE;
				CLANG_WARN_UNREACHABLE_CODE = YES;
				CLANG_WARN__DUPLICATE_METHOD_MATCH = YES;
				CODE_SIGN_STYLE = Automatic;
				COPY_PHASE_STRIP = NO;
				DEBUG_INFORMATION_FORMAT = dwarf;
				DEVELOPMENT_TEAM = "";
				ENABLE_STRICT_OBJC_MSGSEND = YES;
				ENABLE_TESTABILITY = YES;
				GCC_C_LANGUAGE_STANDARD = gnu11;
				GCC_DYNAMIC_NO_PIC = NO;
				GCC_NO_COMMON_BLOCKS = YES;
				GCC_OPTIMIZATION_LEVEL = 0;
				GCC_PREPROCESSOR_DEFINITIONS = (
					"$(inherited)",
					"DEBUG=1",
				);
				GCC_WARN_64_TO_32_BIT_CONVERSION = YES;
				GCC_WARN_ABOUT_RETURN_TYPE = YES_ERROR;
				GCC_WARN_UNDECLARED_SELECTOR = YES;
				GCC_WARN_UNINITIALIZED_AUTOS = YES_AGGRESSIVE;
				GCC_WARN_UNUSED_FUNCTION = YES;
				GCC_WARN_UNUSED_VARIABLE = YES;
				MTL_ENABLE_DEBUG_INFO = INCLUDE_SOURCE;
				MTL_FAST_MATH = YES;
				ONLY_ACTIVE_ARCH = YES;
				PRODUCT_NAME = "$(TARGET_NAME)";
				SDKROOT = iphoneos;
				SWIFT_ACTIVE_COMPILATION_CONDITIONS = DEBUG;
				SWIFT_OPTIMIZATION_LEVEL = "-Onone";
				SWIFT_VERSION = 5.9;
			};
			name = Debug;
		};
/* End XCBuildConfiguration section */

/* Begin XCConfigurationList section */
		01D1188F5014650D0387CCB4 /* Build configuration list for PBXNativeTarget "WhisperBoard" */ = {
			isa = XCConfigurationList;
			buildConfigurations = (
				5A7A2360DDE02FBF19362E45 /* Debug */,
				29EAED84050DE67D75A8DC2F /* Release */,
			);
			defaultConfigurationIsVisible = 0;
			defaultConfigurationName = Debug;
		};
		4E56454F66F61EDD538186AE /* Build configuration list for PBXNativeTarget "WhisperBoardKeyboard" */ = {
			isa = XCConfigurationList;
			buildConfigurations = (
				4BFE7337136002EC681E6ED0 /* Debug */,
				B40DFA0109123C8F5D37D3F1 /* Release */,
			);
			defaultConfigurationIsVisible = 0;
			defaultConfigurationName = Debug;
		};
		DC8E55773A2A2853E0843ECB /* Build configuration list for PBXNativeTarget "WhisperBoardTests" */ = {
			isa = XCConfigurationList;
			buildConfigurations = (
				CE35EC582BDA7CC9C49178BD /* Debug */,
				4E11E19B9D7B8015CE37151D /* Release */,
			);
			defaultConfigurationIsVisible = 0;
			defaultConfigurationName = Debug;
		};
		EDCBBC106DD90CAAD775CB12 /* Build configuration list for PBXProject "WhisperBoard" */ = {
			isa = XCConfigurationList;
			buildConfigurations = (
				E3242BED9BE7EF700257868A /* Debug */,
				CCA8A278978AC8F84080B211 /* Release */,
			);
			defaultConfigurationIsVisible = 0;
			defaultConfigurationName = Debug;
		};
/* End XCConfigurationList section */

/* Begin XCRemoteSwiftPackageReference section */
		F71AA3811D04B846553C7739 /* XCRemoteSwiftPackageReference "WhisperKit" */ = {
			isa = XCRemoteSwiftPackageReference;
			repositoryURL = "https://github.com/argmaxinc/WhisperKit";
			requirement = {
				kind = upToNextMajorVersion;
				minimumVersion = 0.1.0;
			};
		};
/* End XCRemoteSwiftPackageReference section */

/* Begin XCSwiftPackageProductDependency section */
		53EA6F2F07F14D173B6A3EEB /* WhisperKit */ = {
			isa = XCSwiftPackageProductDependency;
			package = F71AA3811D04B846553C7739 /* XCRemoteSwiftPackageReference "WhisperKit" */;
			productName = WhisperKit;
		};
/* End XCSwiftPackageProductDependency section */
	};
	rootObject = 0C8D5E420FF8D09BF05C338E /* Project object */;
}
